// !$*UTF8*$!
{
	archiveVersion = 1;
	classes = {
	};
	objectVersion = 46;
	objects = {

/* Begin PBXBuildFile section */
		CEFB1E0D1BCDACED00F8B9D2 /* AppDelegate.swift in Sources */ = {isa = PBXBuildFile; fileRef = CEFB1E0C1BCDACED00F8B9D2 /* AppDelegate.swift */; };
		CEFB1E0F1BCDACED00F8B9D2 /* ViewController.swift in Sources */ = {isa = PBXBuildFile; fileRef = CEFB1E0E1BCDACED00F8B9D2 /* ViewController.swift */; };
		CEFB1E121BCDACED00F8B9D2 /* Main.storyboard in Resources */ = {isa = PBXBuildFile; fileRef = CEFB1E101BCDACED00F8B9D2 /* Main.storyboard */; };
		CEFB1E141BCDACED00F8B9D2 /* Assets.xcassets in Resources */ = {isa = PBXBuildFile; fileRef = CEFB1E131BCDACED00F8B9D2 /* Assets.xcassets */; };
		CEFB1E171BCDACED00F8B9D2 /* LaunchScreen.storyboard in Resources */ = {isa = PBXBuildFile; fileRef = CEFB1E151BCDACED00F8B9D2 /* LaunchScreen.storyboard */; };
		CEFB1E221BCDACED00F8B9D2 /* YetAnotherCalculatorTests.swift in Sources */ = {isa = PBXBuildFile; fileRef = CEFB1E211BCDACED00F8B9D2 /* YetAnotherCalculatorTests.swift */; };
		CEFB1E2D1BCDACED00F8B9D2 /* YetAnotherCalculatorUITests.swift in Sources */ = {isa = PBXBuildFile; fileRef = CEFB1E2C1BCDACED00F8B9D2 /* YetAnotherCalculatorUITests.swift */; };
/* End PBXBuildFile section */

/* Begin PBXContainerItemProxy section */
		CEFB1E1E1BCDACED00F8B9D2 /* PBXContainerItemProxy */ = {
			isa = PBXContainerItemProxy;
			containerPortal = CEFB1E011BCDACED00F8B9D2 /* Project object */;
			proxyType = 1;
			remoteGlobalIDString = CEFB1E081BCDACED00F8B9D2;
			remoteInfo = YetAnotherCalculator;
		};
		CEFB1E291BCDACED00F8B9D2 /* PBXContainerItemProxy */ = {
			isa = PBXContainerItemProxy;
			containerPortal = CEFB1E011BCDACED00F8B9D2 /* Project object */;
			proxyType = 1;
			remoteGlobalIDString = CEFB1E081BCDACED00F8B9D2;
			remoteInfo = YetAnotherCalculator;
		};
/* End PBXContainerItemProxy section */

/* Begin PBXFileReference section */
		CEFB1E091BCDACED00F8B9D2 /* YetAnotherCalculator.app */ = {isa = PBXFileReference; explicitFileType = wrapper.application; includeInIndex = 0; path = YetAnotherCalculator.app; sourceTree = BUILT_PRODUCTS_DIR; };
		CEFB1E0C1BCDACED00F8B9D2 /* AppDelegate.swift */ = {isa = PBXFileReference; lastKnownFileType = sourcecode.swift; path = AppDelegate.swift; sourceTree = "<group>"; };
		CEFB1E0E1BCDACED00F8B9D2 /* ViewController.swift */ = {isa = PBXFileReference; lastKnownFileType = sourcecode.swift; path = ViewController.swift; sourceTree = "<group>"; };
		CEFB1E111BCDACED00F8B9D2 /* Base */ = {isa = PBXFileReference; lastKnownFileType = file.storyboard; name = Base; path = Base.lproj/Main.storyboard; sourceTree = "<group>"; };
		CEFB1E131BCDACED00F8B9D2 /* Assets.xcassets */ = {isa = PBXFileReference; lastKnownFileType = folder.assetcatalog; path = Assets.xcassets; sourceTree = "<group>"; };
		CEFB1E161BCDACED00F8B9D2 /* Base */ = {isa = PBXFileReference; lastKnownFileType = file.storyboard; name = Base; path = Base.lproj/LaunchScreen.storyboard; sourceTree = "<group>"; };
		CEFB1E181BCDACED00F8B9D2 /* Info.plist */ = {isa = PBXFileReference; lastKnownFileType = text.plist.xml; path = Info.plist; sourceTree = "<group>"; };
		CEFB1E1D1BCDACED00F8B9D2 /* YetAnotherCalculatorTests.xctest */ = {isa = PBXFileReference; explicitFileType = wrapper.cfbundle; includeInIndex = 0; path = YetAnotherCalculatorTests.xctest; sourceTree = BUILT_PRODUCTS_DIR; };
		CEFB1E211BCDACED00F8B9D2 /* YetAnotherCalculatorTests.swift */ = {isa = PBXFileReference; lastKnownFileType = sourcecode.swift; path = YetAnotherCalculatorTests.swift; sourceTree = "<group>"; };
		CEFB1E231BCDACED00F8B9D2 /* Info.plist */ = {isa = PBXFileReference; lastKnownFileType = text.plist.xml; path = Info.plist; sourceTree = "<group>"; };
		CEFB1E281BCDACED00F8B9D2 /* YetAnotherCalculatorUITests.xctest */ = {isa = PBXFileReference; explicitFileType = wrapper.cfbundle; includeInIndex = 0; path = YetAnotherCalculatorUITests.xctest; sourceTree = BUILT_PRODUCTS_DIR; };
		CEFB1E2C1BCDACED00F8B9D2 /* YetAnotherCalculatorUITests.swift */ = {isa = PBXFileReference; lastKnownFileType = sourcecode.swift; path = YetAnotherCalculatorUITests.swift; sourceTree = "<group>"; };
		CEFB1E2E1BCDACED00F8B9D2 /* Info.plist */ = {isa = PBXFileReference; lastKnownFileType = text.plist.xml; path = Info.plist; sourceTree = "<group>"; };
/* End PBXFileReference section */

/* Begin PBXFrameworksBuildPhase section */
		CEFB1E061BCDACED00F8B9D2 /* Frameworks */ = {
			isa = PBXFrameworksBuildPhase;
			buildActionMask = 2147483647;
			files = (
			);
			runOnlyForDeploymentPostprocessing = 0;
		};
		CEFB1E1A1BCDACED00F8B9D2 /* Frameworks */ = {
			isa = PBXFrameworksBuildPhase;
			buildActionMask = 2147483647;
			files = (
			);
			runOnlyForDeploymentPostprocessing = 0;
		};
		CEFB1E251BCDACED00F8B9D2 /* Frameworks */ = {
			isa = PBXFrameworksBuildPhase;
			buildActionMask = 2147483647;
			files = (
			);
			runOnlyForDeploymentPostprocessing = 0;
		};
/* End PBXFrameworksBuildPhase section */

/* Begin PBXGroup section */
		CEFB1E001BCDACED00F8B9D2 = {
			isa = PBXGroup;
			children = (
				CEFB1E0B1BCDACED00F8B9D2 /* YetAnotherCalculator */,
				CEFB1E201BCDACED00F8B9D2 /* YetAnotherCalculatorTests */,
				CEFB1E2B1BCDACED00F8B9D2 /* YetAnotherCalculatorUITests */,
				CEFB1E0A1BCDACED00F8B9D2 /* Products */,
			);
			sourceTree = "<group>";
		};
		CEFB1E0A1BCDACED00F8B9D2 /* Products */ = {
			isa = PBXGroup;
			children = (
				CEFB1E091BCDACED00F8B9D2 /* YetAnotherCalculator.app */,
				CEFB1E1D1BCDACED00F8B9D2 /* YetAnotherCalculatorTests.xctest */,
				CEFB1E281BCDACED00F8B9D2 /* YetAnotherCalculatorUITests.xctest */,
			);
			name = Products;
			sourceTree = "<group>";
		};
		CEFB1E0B1BCDACED00F8B9D2 /* YetAnotherCalculator */ = {
			isa = PBXGroup;
			children = (
				CEFB1E0C1BCDACED00F8B9D2 /* AppDelegate.swift */,
				CEFB1E0E1BCDACED00F8B9D2 /* ViewController.swift */,
				CEFB1E101BCDACED00F8B9D2 /* Main.storyboard */,
				CEFB1E131BCDACED00F8B9D2 /* Assets.xcassets */,
				CEFB1E151BCDACED00F8B9D2 /* LaunchScreen.storyboard */,
				CEFB1E181BCDACED00F8B9D2 /* Info.plist */,
			);
			path = YetAnotherCalculator;
			sourceTree = "<group>";
		};
		CEFB1E201BCDACED00F8B9D2 /* YetAnotherCalculatorTests */ = {
			isa = PBXGroup;
			children = (
				CEFB1E211BCDACED00F8B9D2 /* YetAnotherCalculatorTests.swift */,
				CEFB1E231BCDACED00F8B9D2 /* Info.plist */,
			);
			path = YetAnotherCalculatorTests;
			sourceTree = "<group>";
		};
		CEFB1E2B1BCDACED00F8B9D2 /* YetAnotherCalculatorUITests */ = {
			isa = PBXGroup;
			children = (
				CEFB1E2C1BCDACED00F8B9D2 /* YetAnotherCalculatorUITests.swift */,
				CEFB1E2E1BCDACED00F8B9D2 /* Info.plist */,
			);
			path = YetAnotherCalculatorUITests;
			sourceTree = "<group>";
		};
/* End PBXGroup section */

/* Begin PBXNativeTarget section */
		CEFB1E081BCDACED00F8B9D2 /* YetAnotherCalculator */ = {
			isa = PBXNativeTarget;
			buildConfigurationList = CEFB1E311BCDACED00F8B9D2 /* Build configuration list for PBXNativeTarget "YetAnotherCalculator" */;
			buildPhases = (
				CEFB1E051BCDACED00F8B9D2 /* Sources */,
				CEFB1E061BCDACED00F8B9D2 /* Frameworks */,
				CEFB1E071BCDACED00F8B9D2 /* Resources */,
			);
			buildRules = (
			);
			dependencies = (
			);
			name = YetAnotherCalculator;
			productName = YetAnotherCalculator;
			productReference = CEFB1E091BCDACED00F8B9D2 /* YetAnotherCalculator.app */;
			productType = "com.apple.product-type.application";
		};
		CEFB1E1C1BCDACED00F8B9D2 /* YetAnotherCalculatorTests */ = {
			isa = PBXNativeTarget;
			buildConfigurationList = CEFB1E341BCDACED00F8B9D2 /* Build configuration list for PBXNativeTarget "YetAnotherCalculatorTests" */;
			buildPhases = (
				CEFB1E191BCDACED00F8B9D2 /* Sources */,
				CEFB1E1A1BCDACED00F8B9D2 /* Frameworks */,
				CEFB1E1B1BCDACED00F8B9D2 /* Resources */,
			);
			buildRules = (
			);
			dependencies = (
				CEFB1E1F1BCDACED00F8B9D2 /* PBXTargetDependency */,
			);
			name = YetAnotherCalculatorTests;
			productName = YetAnotherCalculatorTests;
			productReference = CEFB1E1D1BCDACED00F8B9D2 /* YetAnotherCalculatorTests.xctest */;
			productType = "com.apple.product-type.bundle.unit-test";
		};
		CEFB1E271BCDACED00F8B9D2 /* YetAnotherCalculatorUITests */ = {
			isa = PBXNativeTarget;
			buildConfigurationList = CEFB1E371BCDACED00F8B9D2 /* Build configuration list for PBXNativeTarget "YetAnotherCalculatorUITests" */;
			buildPhases = (
				CEFB1E241BCDACED00F8B9D2 /* Sources */,
				CEFB1E251BCDACED00F8B9D2 /* Frameworks */,
				CEFB1E261BCDACED00F8B9D2 /* Resources */,
			);
			buildRules = (
			);
			dependencies = (
				CEFB1E2A1BCDACED00F8B9D2 /* PBXTargetDependency */,
			);
			name = YetAnotherCalculatorUITests;
			productName = YetAnotherCalculatorUITests;
			productReference = CEFB1E281BCDACED00F8B9D2 /* YetAnotherCalculatorUITests.xctest */;
			productType = "com.apple.product-type.bundle.ui-testing";
		};
/* End PBXNativeTarget section */

/* Begin PBXProject section */
		CEFB1E011BCDACED00F8B9D2 /* Project object */ = {
			isa = PBXProject;
			attributes = {
				LastUpgradeCheck = 0700;
				ORGANIZATIONNAME = "Bits That Matter";
				TargetAttributes = {
					CEFB1E081BCDACED00F8B9D2 = {
						CreatedOnToolsVersion = 7.0.1;
					};
					CEFB1E1C1BCDACED00F8B9D2 = {
						CreatedOnToolsVersion = 7.0.1;
						TestTargetID = CEFB1E081BCDACED00F8B9D2;
					};
					CEFB1E271BCDACED00F8B9D2 = {
						CreatedOnToolsVersion = 7.0.1;
						TestTargetID = CEFB1E081BCDACED00F8B9D2;
					};
				};
			};
			buildConfigurationList = CEFB1E041BCDACED00F8B9D2 /* Build configuration list for PBXProject "YetAnotherCalculator" */;
			compatibilityVersion = "Xcode 3.2";
			developmentRegion = English;
			hasScannedForEncodings = 0;
			knownRegions = (
				en,
				Base,
			);
			mainGroup = CEFB1E001BCDACED00F8B9D2;
			productRefGroup = CEFB1E0A1BCDACED00F8B9D2 /* Products */;
			projectDirPath = "";
			projectRoot = "";
			targets = (
				CEFB1E081BCDACED00F8B9D2 /* YetAnotherCalculator */,
				CEFB1E1C1BCDACED00F8B9D2 /* YetAnotherCalculatorTests */,
				CEFB1E271BCDACED00F8B9D2 /* YetAnotherCalculatorUITests */,
			);
		};
/* End PBXProject section */

/* Begin PBXResourcesBuildPhase section */
		CEFB1E071BCDACED00F8B9D2 /* Resources */ = {
			isa = PBXResourcesBuildPhase;
			buildActionMask = 2147483647;
			files = (
				CEFB1E171BCDACED00F8B9D2 /* LaunchScreen.storyboard in Resources */,
				CEFB1E141BCDACED00F8B9D2 /* Assets.xcassets in Resources */,
				CEFB1E121BCDACED00F8B9D2 /* Main.storyboard in Resources */,
			);
			runOnlyForDeploymentPostprocessing = 0;
		};
		CEFB1E1B1BCDACED00F8B9D2 /* Resources */ = {
			isa = PBXResourcesBuildPhase;
			buildActionMask = 2147483647;
			files = (
			);
			runOnlyForDeploymentPostprocessing = 0;
		};
		CEFB1E261BCDACED00F8B9D2 /* Resources */ = {
			isa = PBXResourcesBuildPhase;
			buildActionMask = 2147483647;
			files = (
			);
			runOnlyForDeploymentPostprocessing = 0;
		};
/* End PBXResourcesBuildPhase section */

/* Begin PBXSourcesBuildPhase section */
		CEFB1E051BCDACED00F8B9D2 /* Sources */ = {
			isa = PBXSourcesBuildPhase;
			buildActionMask = 2147483647;
			files = (
				CEFB1E0F1BCDACED00F8B9D2 /* ViewController.swift in Sources */,
				CEFB1E0D1BCDACED00F8B9D2 /* AppDelegate.swift in Sources */,
			);
			runOnlyForDeploymentPostprocessing = 0;
		};
		CEFB1E191BCDACED00F8B9D2 /* Sources */ = {
			isa = PBXSourcesBuildPhase;
			buildActionMask = 2147483647;
			files = (
				CEFB1E221BCDACED00F8B9D2 /* YetAnotherCalculatorTests.swift in Sources */,
			);
			runOnlyForDeploymentPostprocessing = 0;
		};
		CEFB1E241BCDACED00F8B9D2 /* Sources */ = {
			isa = PBXSourcesBuildPhase;
			buildActionMask = 2147483647;
			files = (
				CEFB1E2D1BCDACED00F8B9D2 /* YetAnotherCalculatorUITests.swift in Sources */,
			);
			runOnlyForDeploymentPostprocessing = 0;
		};
/* End PBXSourcesBuildPhase section */

/* Begin PBXTargetDependency section */
		CEFB1E1F1BCDACED00F8B9D2 /* PBXTargetDependency */ = {
			isa = PBXTargetDependency;
			target = CEFB1E081BCDACED00F8B9D2 /* YetAnotherCalculator */;
			targetProxy = CEFB1E1E1BCDACED00F8B9D2 /* PBXContainerItemProxy */;
		};
		CEFB1E2A1BCDACED00F8B9D2 /* PBXTargetDependency */ = {
			isa = PBXTargetDependency;
			target = CEFB1E081BCDACED00F8B9D2 /* YetAnotherCalculator */;
			targetProxy = CEFB1E291BCDACED00F8B9D2 /* PBXContainerItemProxy */;
		};
/* End PBXTargetDependency section */

/* Begin PBXVariantGroup section */
		CEFB1E101BCDACED00F8B9D2 /* Main.storyboard */ = {
			isa = PBXVariantGroup;
			children = (
				CEFB1E111BCDACED00F8B9D2 /* Base */,
			);
			name = Main.storyboard;
			sourceTree = "<group>";
		};
		CEFB1E151BCDACED00F8B9D2 /* LaunchScreen.storyboard */ = {
			isa = PBXVariantGroup;
			children = (
				CEFB1E161BCDACED00F8B9D2 /* Base */,
			);
			name = LaunchScreen.storyboard;
			sourceTree = "<group>";
		};
/* End PBXVariantGroup section */

/* Begin XCBuildConfiguration section */
		CEFB1E2F1BCDACED00F8B9D2 /* Debug */ = {
			isa = XCBuildConfiguration;
			buildSettings = {
				ALWAYS_SEARCH_USER_PATHS = NO;
				CLANG_CXX_LANGUAGE_STANDARD = "gnu++0x";
				CLANG_CXX_LIBRARY = "libc++";
				CLANG_ENABLE_MODULES = YES;
				CLANG_ENABLE_OBJC_ARC = YES;
				CLANG_WARN_BOOL_CONVERSION = YES;
				CLANG_WARN_CONSTANT_CONVERSION = YES;
				CLANG_WARN_DIRECT_OBJC_ISA_USAGE = YES_ERROR;
				CLANG_WARN_EMPTY_BODY = YES;
				CLANG_WARN_ENUM_CONVERSION = YES;
				CLANG_WARN_INT_CONVERSION = YES;
				CLANG_WARN_OBJC_ROOT_CLASS = YES_ERROR;
				CLANG_WARN_UNREACHABLE_CODE = YES;
				CLANG_WARN__DUPLICATE_METHOD_MATCH = YES;
				"CODE_SIGN_IDENTITY[sdk=iphoneos*]" = "iPhone Developer";
				COPY_PHASE_STRIP = NO;
				DEBUG_INFORMATION_FORMAT = dwarf;
				ENABLE_STRICT_OBJC_MSGSEND = YES;
				ENABLE_TESTABILITY = YES;
				GCC_C_LANGUAGE_STANDARD = gnu99;
				GCC_DYNAMIC_NO_PIC = NO;
				GCC_NO_COMMON_BLOCKS = YES;
				GCC_OPTIMIZATION_LEVEL = 0;
				GCC_PREPROCESSOR_DEFINITIONS = (
					"DEBUG=1",
					"$(inherited)",
				);
				GCC_WARN_64_TO_32_BIT_CONVERSION = YES;
				GCC_WARN_ABOUT_RETURN_TYPE = YES_ERROR;
				GCC_WARN_UNDECLARED_SELECTOR = YES;
				GCC_WARN_UNINITIALIZED_AUTOS = YES_AGGRESSIVE;
				GCC_WARN_UNUSED_FUNCTION = YES;
				GCC_WARN_UNUSED_VARIABLE = YES;
				IPHONEOS_DEPLOYMENT_TARGET = 9.0;
				MTL_ENABLE_DEBUG_INFO = YES;
				ONLY_ACTIVE_ARCH = YES;
				SDKROOT = iphoneos;
				SWIFT_OPTIMIZATION_LEVEL = "-Onone";
				TARGETED_DEVICE_FAMILY = "1,2";
			};
			name = Debug;
		};
		CEFB1E301BCDACED00F8B9D2 /* Release */ = {
			isa = XCBuildConfiguration;
			buildSettings = {
				ALWAYS_SEARCH_USER_PATHS = NO;
				CLANG_CXX_LANGUAGE_STANDARD = "gnu++0x";
				CLANG_CXX_LIBRARY = "libc++";
				CLANG_ENABLE_MODULES = YES;
				CLANG_ENABLE_OBJC_ARC = YES;
				CLANG_WARN_BOOL_CONVERSION = YES;
				CLANG_WARN_CONSTANT_CONVERSION = YES;
				CLANG_WARN_DIRECT_OBJC_ISA_USAGE = YES_ERROR;
				CLANG_WARN_EMPTY_BODY = YES;
				CLANG_WARN_ENUM_CONVERSION = YES;
				CLANG_WARN_INT_CONVERSION = YES;
				CLANG_WARN_OBJC_ROOT_CLASS = YES_ERROR;
				CLANG_WARN_UNREACHABLE_CODE = YES;
				CLANG_WARN__DUPLICATE_METHOD_MATCH = YES;
				"CODE_SIGN_IDENTITY[sdk=iphoneos*]" = "iPhone Developer";
				COPY_PHASE_STRIP = NO;
				DEBUG_INFORMATION_FORMAT = "dwarf-with-dsym";
				ENABLE_NS_ASSERTIONS = NO;
				ENABLE_STRICT_OBJC_MSGSEND = YES;
				GCC_C_LANGUAGE_STANDARD = gnu99;
				GCC_NO_COMMON_BLOCKS = YES;
				GCC_WARN_64_TO_32_BIT_CONVERSION = YES;
				GCC_WARN_ABOUT_RETURN_TYPE = YES_ERROR;
				GCC_WARN_UNDECLARED_SELECTOR = YES;
				GCC_WARN_UNINITIALIZED_AUTOS = YES_AGGRESSIVE;
				GCC_WARN_UNUSED_FUNCTION = YES;
				GCC_WARN_UNUSED_VARIABLE = YES;
				IPHONEOS_DEPLOYMENT_TARGET = 9.0;
				MTL_ENABLE_DEBUG_INFO = NO;
				SDKROOT = iphoneos;
				TARGETED_DEVICE_FAMILY = "1,2";
				VALIDATE_PRODUCT = YES;
			};
			name = Release;
		};
		CEFB1E321BCDACED00F8B9D2 /* Debug */ = {
			isa = XCBuildConfiguration;
			buildSettings = {
				ASSETCATALOG_COMPILER_APPICON_NAME = AppIcon;
				INFOPLIST_FILE = YetAnotherCalculator/Info.plist;
				LD_RUNPATH_SEARCH_PATHS = "$(inherited) @executable_path/Frameworks";
				PRODUCT_BUNDLE_IDENTIFIER = com.BitsThatMatter.YetAnotherCalculator;
				PRODUCT_NAME = "$(TARGET_NAME)";
			};
			name = Debug;
		};
		CEFB1E331BCDACED00F8B9D2 /* Release */ = {
			isa = XCBuildConfiguration;
			buildSettings = {
				ASSETCATALOG_COMPILER_APPICON_NAME = AppIcon;
				INFOPLIST_FILE = YetAnotherCalculator/Info.plist;
				LD_RUNPATH_SEARCH_PATHS = "$(inherited) @executable_path/Frameworks";
				PRODUCT_BUNDLE_IDENTIFIER = com.BitsThatMatter.YetAnotherCalculator;
				PRODUCT_NAME = "$(TARGET_NAME)";
			};
			name = Release;
		};
		CEFB1E351BCDACED00F8B9D2 /* Debug */ = {
			isa = XCBuildConfiguration;
			buildSettings = {
				BUNDLE_LOADER = "$(TEST_HOST)";
				INFOPLIST_FILE = YetAnotherCalculatorTests/Info.plist;
				LD_RUNPATH_SEARCH_PATHS = "$(inherited) @executable_path/Frameworks @loader_path/Frameworks";
				PRODUCT_BUNDLE_IDENTIFIER = com.BitsThatMatter.YetAnotherCalculatorTests;
				PRODUCT_NAME = "$(TARGET_NAME)";
				TEST_HOST = "$(BUILT_PRODUCTS_DIR)/YetAnotherCalculator.app/YetAnotherCalculator";
			};
			name = Debug;
		};
		CEFB1E361BCDACED00F8B9D2 /* Release */ = {
			isa = XCBuildConfiguration;
			buildSettings = {
				BUNDLE_LOADER = "$(TEST_HOST)";
				INFOPLIST_FILE = YetAnotherCalculatorTests/Info.plist;
				LD_RUNPATH_SEARCH_PATHS = "$(inherited) @executable_path/Frameworks @loader_path/Frameworks";
				PRODUCT_BUNDLE_IDENTIFIER = com.BitsThatMatter.YetAnotherCalculatorTests;
				PRODUCT_NAME = "$(TARGET_NAME)";
				TEST_HOST = "$(BUILT_PRODUCTS_DIR)/YetAnotherCalculator.app/YetAnotherCalculator";
			};
			name = Release;
		};
		CEFB1E381BCDACED00F8B9D2 /* Debug */ = {
			isa = XCBuildConfiguration;
			buildSettings = {
				INFOPLIST_FILE = YetAnotherCalculatorUITests/Info.plist;
				LD_RUNPATH_SEARCH_PATHS = "$(inherited) @executable_path/Frameworks @loader_path/Frameworks";
				PRODUCT_BUNDLE_IDENTIFIER = com.BitsThatMatter.YetAnotherCalculatorUITests;
				PRODUCT_NAME = "$(TARGET_NAME)";
				TEST_TARGET_NAME = YetAnotherCalculator;
				USES_XCTRUNNER = YES;
			};
			name = Debug;
		};
		CEFB1E391BCDACED00F8B9D2 /* Release */ = {
			isa = XCBuildConfiguration;
			buildSettings = {
				INFOPLIST_FILE = YetAnotherCalculatorUITests/Info.plist;
				LD_RUNPATH_SEARCH_PATHS = "$(inherited) @executable_path/Frameworks @loader_path/Frameworks";
				PRODUCT_BUNDLE_IDENTIFIER = com.BitsThatMatter.YetAnotherCalculatorUITests;
				PRODUCT_NAME = "$(TARGET_NAME)";
				TEST_TARGET_NAME = YetAnotherCalculator;
				USES_XCTRUNNER = YES;
			};
			name = Release;
		};
/* End XCBuildConfiguration section */

/* Begin XCConfigurationList section */
		CEFB1E041BCDACED00F8B9D2 /* Build configuration list for PBXProject "YetAnotherCalculator" */ = {
			isa = XCConfigurationList;
			buildConfigurations = (
				CEFB1E2F1BCDACED00F8B9D2 /* Debug */,
				CEFB1E301BCDACED00F8B9D2 /* Release */,
			);
			defaultConfigurationIsVisible = 0;
			defaultConfigurationName = Release;
		};
		CEFB1E311BCDACED00F8B9D2 /* Build configuration list for PBXNativeTarget "YetAnotherCalculator" */ = {
			isa = XCConfigurationList;
			buildConfigurations = (
				CEFB1E321BCDACED00F8B9D2 /* Debug */,
				CEFB1E331BCDACED00F8B9D2 /* Release */,
			);
			defaultConfigurationIsVisible = 0;
		};
		CEFB1E341BCDACED00F8B9D2 /* Build configuration list for PBXNativeTarget "YetAnotherCalculatorTests" */ = {
			isa = XCConfigurationList;
			buildConfigurations = (
				CEFB1E351BCDACED00F8B9D2 /* Debug */,
				CEFB1E361BCDACED00F8B9D2 /* Release */,
			);
			defaultConfigurationIsVisible = 0;
		};
		CEFB1E371BCDACED00F8B9D2 /* Build configuration list for PBXNativeTarget "YetAnotherCalculatorUITests" */ = {
			isa = XCConfigurationList;
			buildConfigurations = (
				CEFB1E381BCDACED00F8B9D2 /* Debug */,
				CEFB1E391BCDACED00F8B9D2 /* Release */,
			);
			defaultConfigurationIsVisible = 0;
		};
/* End XCConfigurationList section */
	};
	rootObject = CEFB1E011BCDACED00F8B9D2 /* Project object */;
}
